// !$*UTF8*$!
{
	archiveVersion = 1;
	classes = {
	};
	objectVersion = 56;
	objects = {

/* Begin PBXBuildFile section */
		52B6BCAD2A9492C000022A20 /* AppDelegate.swift in Sources */ = {isa = PBXBuildFile; fileRef = 52B6BCAC2A9492C000022A20 /* AppDelegate.swift */; };
		52B6BCAF2A9492C000022A20 /* SceneDelegate.swift in Sources */ = {isa = PBXBuildFile; fileRef = 52B6BCAE2A9492C000022A20 /* SceneDelegate.swift */; };
		52B6BCB12A9492C000022A20 /* ViewController.swift in Sources */ = {isa = PBXBuildFile; fileRef = 52B6BCB02A9492C000022A20 /* ViewController.swift */; };
		52B6BCB62A9492C200022A20 /* Assets.xcassets in Resources */ = {isa = PBXBuildFile; fileRef = 52B6BCB52A9492C200022A20 /* Assets.xcassets */; };
		52B6BCC42A9492C200022A20 /* Clone_29cmTests.swift in Sources */ = {isa = PBXBuildFile; fileRef = 52B6BCC32A9492C200022A20 /* Clone_29cmTests.swift */; };
		52B6BCCE2A9492C200022A20 /* Clone_29cmUITests.swift in Sources */ = {isa = PBXBuildFile; fileRef = 52B6BCCD2A9492C200022A20 /* Clone_29cmUITests.swift */; };
		52B6BCD02A9492C200022A20 /* Clone_29cmUITestsLaunchTests.swift in Sources */ = {isa = PBXBuildFile; fileRef = 52B6BCCF2A9492C200022A20 /* Clone_29cmUITestsLaunchTests.swift */; };
		52B6BCE62A94988600022A20 /* SnapKit in Frameworks */ = {isa = PBXBuildFile; productRef = 52B6BCE52A94988600022A20 /* SnapKit */; };
		52B6BCE92A949C6A00022A20 /* UIColor+Extension.swift in Sources */ = {isa = PBXBuildFile; fileRef = 52B6BCE82A949C6A00022A20 /* UIColor+Extension.swift */; };
/* End PBXBuildFile section */

/* Begin PBXContainerItemProxy section */
		52B6BCC02A9492C200022A20 /* PBXContainerItemProxy */ = {
			isa = PBXContainerItemProxy;
			containerPortal = 52B6BCA12A9492C000022A20 /* Project object */;
			proxyType = 1;
			remoteGlobalIDString = 52B6BCA82A9492C000022A20;
			remoteInfo = "Clone-29cm";
		};
		52B6BCCA2A9492C200022A20 /* PBXContainerItemProxy */ = {
			isa = PBXContainerItemProxy;
			containerPortal = 52B6BCA12A9492C000022A20 /* Project object */;
			proxyType = 1;
			remoteGlobalIDString = 52B6BCA82A9492C000022A20;
			remoteInfo = "Clone-29cm";
		};
/* End PBXContainerItemProxy section */

/* Begin PBXFileReference section */
		52B6BCA92A9492C000022A20 /* Clone-29cm.app */ = {isa = PBXFileReference; explicitFileType = wrapper.application; includeInIndex = 0; path = "Clone-29cm.app"; sourceTree = BUILT_PRODUCTS_DIR; };
		52B6BCAC2A9492C000022A20 /* AppDelegate.swift */ = {isa = PBXFileReference; lastKnownFileType = sourcecode.swift; path = AppDelegate.swift; sourceTree = "<group>"; };
		52B6BCAE2A9492C000022A20 /* SceneDelegate.swift */ = {isa = PBXFileReference; lastKnownFileType = sourcecode.swift; path = SceneDelegate.swift; sourceTree = "<group>"; };
		52B6BCB02A9492C000022A20 /* ViewController.swift */ = {isa = PBXFileReference; lastKnownFileType = sourcecode.swift; path = ViewController.swift; sourceTree = "<group>"; };
		52B6BCB52A9492C200022A20 /* Assets.xcassets */ = {isa = PBXFileReference; lastKnownFileType = folder.assetcatalog; path = Assets.xcassets; sourceTree = "<group>"; };
		52B6BCBA2A9492C200022A20 /* Info.plist */ = {isa = PBXFileReference; lastKnownFileType = text.plist.xml; path = Info.plist; sourceTree = "<group>"; };
		52B6BCBF2A9492C200022A20 /* Clone-29cmTests.xctest */ = {isa = PBXFileReference; explicitFileType = wrapper.cfbundle; includeInIndex = 0; path = "Clone-29cmTests.xctest"; sourceTree = BUILT_PRODUCTS_DIR; };
		52B6BCC32A9492C200022A20 /* Clone_29cmTests.swift */ = {isa = PBXFileReference; lastKnownFileType = sourcecode.swift; path = Clone_29cmTests.swift; sourceTree = "<group>"; };
		52B6BCC92A9492C200022A20 /* Clone-29cmUITests.xctest */ = {isa = PBXFileReference; explicitFileType = wrapper.cfbundle; includeInIndex = 0; path = "Clone-29cmUITests.xctest"; sourceTree = BUILT_PRODUCTS_DIR; };
		52B6BCCD2A9492C200022A20 /* Clone_29cmUITests.swift */ = {isa = PBXFileReference; lastKnownFileType = sourcecode.swift; path = Clone_29cmUITests.swift; sourceTree = "<group>"; };
		52B6BCCF2A9492C200022A20 /* Clone_29cmUITestsLaunchTests.swift */ = {isa = PBXFileReference; lastKnownFileType = sourcecode.swift; path = Clone_29cmUITestsLaunchTests.swift; sourceTree = "<group>"; };
		52B6BCE82A949C6A00022A20 /* UIColor+Extension.swift */ = {isa = PBXFileReference; lastKnownFileType = sourcecode.swift; path = "UIColor+Extension.swift"; sourceTree = "<group>"; };
/* End PBXFileReference section */

/* Begin PBXFrameworksBuildPhase section */
		52B6BCA62A9492C000022A20 /* Frameworks */ = {
			isa = PBXFrameworksBuildPhase;
			buildActionMask = 2147483647;
			files = (
				52B6BCE62A94988600022A20 /* SnapKit in Frameworks */,
			);
			runOnlyForDeploymentPostprocessing = 0;
		};
		52B6BCBC2A9492C200022A20 /* Frameworks */ = {
			isa = PBXFrameworksBuildPhase;
			buildActionMask = 2147483647;
			files = (
			);
			runOnlyForDeploymentPostprocessing = 0;
		};
		52B6BCC62A9492C200022A20 /* Frameworks */ = {
			isa = PBXFrameworksBuildPhase;
			buildActionMask = 2147483647;
			files = (
			);
			runOnlyForDeploymentPostprocessing = 0;
		};
/* End PBXFrameworksBuildPhase section */

/* Begin PBXGroup section */
		52B6BCA02A9492C000022A20 = {
			isa = PBXGroup;
			children = (
				52B6BCAB2A9492C000022A20 /* Clone-29cm */,
				52B6BCC22A9492C200022A20 /* Clone-29cmTests */,
				52B6BCCC2A9492C200022A20 /* Clone-29cmUITests */,
				52B6BCAA2A9492C000022A20 /* Products */,
			);
			sourceTree = "<group>";
		};
		52B6BCAA2A9492C000022A20 /* Products */ = {
			isa = PBXGroup;
			children = (
				52B6BCA92A9492C000022A20 /* Clone-29cm.app */,
				52B6BCBF2A9492C200022A20 /* Clone-29cmTests.xctest */,
				52B6BCC92A9492C200022A20 /* Clone-29cmUITests.xctest */,
			);
			name = Products;
			sourceTree = "<group>";
		};
		52B6BCAB2A9492C000022A20 /* Clone-29cm */ = {
			isa = PBXGroup;
			children = (
				52B6BCDE2A9493BB00022A20 /* Network */,
				52B6BCDD2A9493AB00022A20 /* Screen */,
				52B6BCDC2A9493A500022A20 /* Global */,
			);
			path = "Clone-29cm";
			sourceTree = "<group>";
		};
		52B6BCC22A9492C200022A20 /* Clone-29cmTests */ = {
			isa = PBXGroup;
			children = (
				52B6BCC32A9492C200022A20 /* Clone_29cmTests.swift */,
			);
			path = "Clone-29cmTests";
			sourceTree = "<group>";
		};
		52B6BCCC2A9492C200022A20 /* Clone-29cmUITests */ = {
			isa = PBXGroup;
			children = (
				52B6BCCD2A9492C200022A20 /* Clone_29cmUITests.swift */,
				52B6BCCF2A9492C200022A20 /* Clone_29cmUITestsLaunchTests.swift */,
			);
			path = "Clone-29cmUITests";
			sourceTree = "<group>";
		};
		52B6BCDC2A9493A500022A20 /* Global */ = {
			isa = PBXGroup;
			children = (
				52B6BCE72A949C5B00022A20 /* Extension */,
				52B6BCE02A94941E00022A20 /* Resource */,
				52B6BCDF2A9493C500022A20 /* Support */,
			);
			path = Global;
			sourceTree = "<group>";
		};
		52B6BCDD2A9493AB00022A20 /* Screen */ = {
			isa = PBXGroup;
			children = (
				52B6BCB02A9492C000022A20 /* ViewController.swift */,
			);
			path = Screen;
			sourceTree = "<group>";
		};
		52B6BCDE2A9493BB00022A20 /* Network */ = {
			isa = PBXGroup;
			children = (
			);
			path = Network;
			sourceTree = "<group>";
		};
		52B6BCDF2A9493C500022A20 /* Support */ = {
			isa = PBXGroup;
			children = (
				52B6BCBA2A9492C200022A20 /* Info.plist */,
				52B6BCAC2A9492C000022A20 /* AppDelegate.swift */,
				52B6BCAE2A9492C000022A20 /* SceneDelegate.swift */,
			);
			path = Support;
			sourceTree = "<group>";
		};
		52B6BCE02A94941E00022A20 /* Resource */ = {
			isa = PBXGroup;
			children = (
				52B6BCB52A9492C200022A20 /* Assets.xcassets */,
			);
			path = Resource;
			sourceTree = "<group>";
		};
		52B6BCE72A949C5B00022A20 /* Extension */ = {
			isa = PBXGroup;
			children = (
				52B6BCE82A949C6A00022A20 /* UIColor+Extension.swift */,
			);
			path = Extension;
			sourceTree = "<group>";
		};
/* End PBXGroup section */

/* Begin PBXNativeTarget section */
		52B6BCA82A9492C000022A20 /* Clone-29cm */ = {
			isa = PBXNativeTarget;
			buildConfigurationList = 52B6BCD32A9492C200022A20 /* Build configuration list for PBXNativeTarget "Clone-29cm" */;
			buildPhases = (
				52B6BCA52A9492C000022A20 /* Sources */,
				52B6BCA62A9492C000022A20 /* Frameworks */,
				52B6BCA72A9492C000022A20 /* Resources */,
			);
			buildRules = (
			);
			dependencies = (
			);
			name = "Clone-29cm";
			packageProductDependencies = (
				52B6BCE52A94988600022A20 /* SnapKit */,
			);
			productName = "Clone-29cm";
			productReference = 52B6BCA92A9492C000022A20 /* Clone-29cm.app */;
			productType = "com.apple.product-type.application";
		};
		52B6BCBE2A9492C200022A20 /* Clone-29cmTests */ = {
			isa = PBXNativeTarget;
			buildConfigurationList = 52B6BCD62A9492C200022A20 /* Build configuration list for PBXNativeTarget "Clone-29cmTests" */;
			buildPhases = (
				52B6BCBB2A9492C200022A20 /* Sources */,
				52B6BCBC2A9492C200022A20 /* Frameworks */,
				52B6BCBD2A9492C200022A20 /* Resources */,
			);
			buildRules = (
			);
			dependencies = (
				52B6BCC12A9492C200022A20 /* PBXTargetDependency */,
			);
			name = "Clone-29cmTests";
			productName = "Clone-29cmTests";
			productReference = 52B6BCBF2A9492C200022A20 /* Clone-29cmTests.xctest */;
			productType = "com.apple.product-type.bundle.unit-test";
		};
		52B6BCC82A9492C200022A20 /* Clone-29cmUITests */ = {
			isa = PBXNativeTarget;
			buildConfigurationList = 52B6BCD92A9492C200022A20 /* Build configuration list for PBXNativeTarget "Clone-29cmUITests" */;
			buildPhases = (
				52B6BCC52A9492C200022A20 /* Sources */,
				52B6BCC62A9492C200022A20 /* Frameworks */,
				52B6BCC72A9492C200022A20 /* Resources */,
			);
			buildRules = (
			);
			dependencies = (
				52B6BCCB2A9492C200022A20 /* PBXTargetDependency */,
			);
			name = "Clone-29cmUITests";
			productName = "Clone-29cmUITests";
			productReference = 52B6BCC92A9492C200022A20 /* Clone-29cmUITests.xctest */;
			productType = "com.apple.product-type.bundle.ui-testing";
		};
/* End PBXNativeTarget section */

/* Begin PBXProject section */
		52B6BCA12A9492C000022A20 /* Project object */ = {
			isa = PBXProject;
			attributes = {
				BuildIndependentTargetsInParallel = 1;
				LastSwiftUpdateCheck = 1410;
				LastUpgradeCheck = 1410;
				TargetAttributes = {
					52B6BCA82A9492C000022A20 = {
						CreatedOnToolsVersion = 14.1;
					};
					52B6BCBE2A9492C200022A20 = {
						CreatedOnToolsVersion = 14.1;
						TestTargetID = 52B6BCA82A9492C000022A20;
					};
					52B6BCC82A9492C200022A20 = {
						CreatedOnToolsVersion = 14.1;
						TestTargetID = 52B6BCA82A9492C000022A20;
					};
				};
			};
			buildConfigurationList = 52B6BCA42A9492C000022A20 /* Build configuration list for PBXProject "Clone-29cm" */;
			compatibilityVersion = "Xcode 14.0";
			developmentRegion = en;
			hasScannedForEncodings = 0;
			knownRegions = (
				en,
				Base,
			);
			mainGroup = 52B6BCA02A9492C000022A20;
			packageReferences = (
				52B6BCE42A94988600022A20 /* XCRemoteSwiftPackageReference "SnapKit" */,
			);
			productRefGroup = 52B6BCAA2A9492C000022A20 /* Products */;
			projectDirPath = "";
			projectRoot = "";
			targets = (
				52B6BCA82A9492C000022A20 /* Clone-29cm */,
				52B6BCBE2A9492C200022A20 /* Clone-29cmTests */,
				52B6BCC82A9492C200022A20 /* Clone-29cmUITests */,
			);
		};
/* End PBXProject section */

/* Begin PBXResourcesBuildPhase section */
		52B6BCA72A9492C000022A20 /* Resources */ = {
			isa = PBXResourcesBuildPhase;
			buildActionMask = 2147483647;
			files = (
				52B6BCB62A9492C200022A20 /* Assets.xcassets in Resources */,
			);
			runOnlyForDeploymentPostprocessing = 0;
		};
		52B6BCBD2A9492C200022A20 /* Resources */ = {
			isa = PBXResourcesBuildPhase;
			buildActionMask = 2147483647;
			files = (
			);
			runOnlyForDeploymentPostprocessing = 0;
		};
		52B6BCC72A9492C200022A20 /* Resources */ = {
			isa = PBXResourcesBuildPhase;
			buildActionMask = 2147483647;
			files = (
			);
			runOnlyForDeploymentPostprocessing = 0;
		};
/* End PBXResourcesBuildPhase section */

/* Begin PBXSourcesBuildPhase section */
		52B6BCA52A9492C000022A20 /* Sources */ = {
			isa = PBXSourcesBuildPhase;
			buildActionMask = 2147483647;
			files = (
				52B6BCB12A9492C000022A20 /* ViewController.swift in Sources */,
				52B6BCAD2A9492C000022A20 /* AppDelegate.swift in Sources */,
				52B6BCAF2A9492C000022A20 /* SceneDelegate.swift in Sources */,
				52B6BCE92A949C6A00022A20 /* UIColor+Extension.swift in Sources */,
			);
			runOnlyForDeploymentPostprocessing = 0;
		};
		52B6BCBB2A9492C200022A20 /* Sources */ = {
			isa = PBXSourcesBuildPhase;
			buildActionMask = 2147483647;
			files = (
				52B6BCC42A9492C200022A20 /* Clone_29cmTests.swift in Sources */,
			);
			runOnlyForDeploymentPostprocessing = 0;
		};
		52B6BCC52A9492C200022A20 /* Sources */ = {
			isa = PBXSourcesBuildPhase;
			buildActionMask = 2147483647;
			files = (
				52B6BCCE2A9492C200022A20 /* Clone_29cmUITests.swift in Sources */,
				52B6BCD02A9492C200022A20 /* Clone_29cmUITestsLaunchTests.swift in Sources */,
			);
			runOnlyForDeploymentPostprocessing = 0;
		};
/* End PBXSourcesBuildPhase section */

/* Begin PBXTargetDependency section */
		52B6BCC12A9492C200022A20 /* PBXTargetDependency */ = {
			isa = PBXTargetDependency;
			target = 52B6BCA82A9492C000022A20 /* Clone-29cm */;
			targetProxy = 52B6BCC02A9492C200022A20 /* PBXContainerItemProxy */;
		};
		52B6BCCB2A9492C200022A20 /* PBXTargetDependency */ = {
			isa = PBXTargetDependency;
			target = 52B6BCA82A9492C000022A20 /* Clone-29cm */;
			targetProxy = 52B6BCCA2A9492C200022A20 /* PBXContainerItemProxy */;
		};
/* End PBXTargetDependency section */

/* Begin XCBuildConfiguration section */
		52B6BCD12A9492C200022A20 /* Debug */ = {
			isa = XCBuildConfiguration;
			buildSettings = {
				ALWAYS_SEARCH_USER_PATHS = NO;
				CLANG_ANALYZER_NONNULL = YES;
				CLANG_ANALYZER_NUMBER_OBJECT_CONVERSION = YES_AGGRESSIVE;
				CLANG_CXX_LANGUAGE_STANDARD = "gnu++20";
				CLANG_ENABLE_MODULES = YES;
				CLANG_ENABLE_OBJC_ARC = YES;
				CLANG_ENABLE_OBJC_WEAK = YES;
				CLANG_WARN_BLOCK_CAPTURE_AUTORELEASING = YES;
				CLANG_WARN_BOOL_CONVERSION = YES;
				CLANG_WARN_COMMA = YES;
				CLANG_WARN_CONSTANT_CONVERSION = YES;
				CLANG_WARN_DEPRECATED_OBJC_IMPLEMENTATIONS = YES;
				CLANG_WARN_DIRECT_OBJC_ISA_USAGE = YES_ERROR;
				CLANG_WARN_DOCUMENTATION_COMMENTS = YES;
				CLANG_WARN_EMPTY_BODY = YES;
				CLANG_WARN_ENUM_CONVERSION = YES;
				CLANG_WARN_INFINITE_RECURSION = YES;
				CLANG_WARN_INT_CONVERSION = YES;
				CLANG_WARN_NON_LITERAL_NULL_CONVERSION = YES;
				CLANG_WARN_OBJC_IMPLICIT_RETAIN_SELF = YES;
				CLANG_WARN_OBJC_LITERAL_CONVERSION = YES;
				CLANG_WARN_OBJC_ROOT_CLASS = YES_ERROR;
				CLANG_WARN_QUOTED_INCLUDE_IN_FRAMEWORK_HEADER = YES;
				CLANG_WARN_RANGE_LOOP_ANALYSIS = YES;
				CLANG_WARN_STRICT_PROTOTYPES = YES;
				CLANG_WARN_SUSPICIOUS_MOVE = YES;
				CLANG_WARN_UNGUARDED_AVAILABILITY = YES_AGGRESSIVE;
				CLANG_WARN_UNREACHABLE_CODE = YES;
				CLANG_WARN__DUPLICATE_METHOD_MATCH = YES;
				COPY_PHASE_STRIP = NO;
				DEBUG_INFORMATION_FORMAT = dwarf;
				ENABLE_STRICT_OBJC_MSGSEND = YES;
				ENABLE_TESTABILITY = YES;
				GCC_C_LANGUAGE_STANDARD = gnu11;
				GCC_DYNAMIC_NO_PIC = NO;
				GCC_NO_COMMON_BLOCKS = YES;
				GCC_OPTIMIZATION_LEVEL = 0;
				GCC_PREPROCESSOR_DEFINITIONS = (
					"DEBUG=1",
					"$(inherited)",
				);
				GCC_WARN_64_TO_32_BIT_CONVERSION = YES;
				GCC_WARN_ABOUT_RETURN_TYPE = YES_ERROR;
				GCC_WARN_UNDECLARED_SELECTOR = YES;
				GCC_WARN_UNINITIALIZED_AUTOS = YES_AGGRESSIVE;
				GCC_WARN_UNUSED_FUNCTION = YES;
				GCC_WARN_UNUSED_VARIABLE = YES;
				IPHONEOS_DEPLOYMENT_TARGET = 16.1;
				MTL_ENABLE_DEBUG_INFO = INCLUDE_SOURCE;
				MTL_FAST_MATH = YES;
				ONLY_ACTIVE_ARCH = YES;
				SDKROOT = iphoneos;
				SWIFT_ACTIVE_COMPILATION_CONDITIONS = DEBUG;
				SWIFT_OPTIMIZATION_LEVEL = "-Onone";
			};
			name = Debug;
		};
		52B6BCD22A9492C200022A20 /* Release */ = {
			isa = XCBuildConfiguration;
			buildSettings = {
				ALWAYS_SEARCH_USER_PATHS = NO;
				CLANG_ANALYZER_NONNULL = YES;
				CLANG_ANALYZER_NUMBER_OBJECT_CONVERSION = YES_AGGRESSIVE;
				CLANG_CXX_LANGUAGE_STANDARD = "gnu++20";
				CLANG_ENABLE_MODULES = YES;
				CLANG_ENABLE_OBJC_ARC = YES;
				CLANG_ENABLE_OBJC_WEAK = YES;
				CLANG_WARN_BLOCK_CAPTURE_AUTORELEASING = YES;
				CLANG_WARN_BOOL_CONVERSION = YES;
				CLANG_WARN_COMMA = YES;
				CLANG_WARN_CONSTANT_CONVERSION = YES;
				CLANG_WARN_DEPRECATED_OBJC_IMPLEMENTATIONS = YES;
				CLANG_WARN_DIRECT_OBJC_ISA_USAGE = YES_ERROR;
				CLANG_WARN_DOCUMENTATION_COMMENTS = YES;
				CLANG_WARN_EMPTY_BODY = YES;
				CLANG_WARN_ENUM_CONVERSION = YES;
				CLANG_WARN_INFINITE_RECURSION = YES;
				CLANG_WARN_INT_CONVERSION = YES;
				CLANG_WARN_NON_LITERAL_NULL_CONVERSION = YES;
				CLANG_WARN_OBJC_IMPLICIT_RETAIN_SELF = YES;
				CLANG_WARN_OBJC_LITERAL_CONVERSION = YES;
				CLANG_WARN_OBJC_ROOT_CLASS = YES_ERROR;
				CLANG_WARN_QUOTED_INCLUDE_IN_FRAMEWORK_HEADER = YES;
				CLANG_WARN_RANGE_LOOP_ANALYSIS = YES;
				CLANG_WARN_STRICT_PROTOTYPES = YES;
				CLANG_WARN_SUSPICIOUS_MOVE = YES;
				CLANG_WARN_UNGUARDED_AVAILABILITY = YES_AGGRESSIVE;
				CLANG_WARN_UNREACHABLE_CODE = YES;
				CLANG_WARN__DUPLICATE_METHOD_MATCH = YES;
				COPY_PHASE_STRIP = NO;
				DEBUG_INFORMATION_FORMAT = "dwarf-with-dsym";
				ENABLE_NS_ASSERTIONS = NO;
				ENABLE_STRICT_OBJC_MSGSEND = YES;
				GCC_C_LANGUAGE_STANDARD = gnu11;
				GCC_NO_COMMON_BLOCKS = YES;
				GCC_WARN_64_TO_32_BIT_CONVERSION = YES;
				GCC_WARN_ABOUT_RETURN_TYPE = YES_ERROR;
				GCC_WARN_UNDECLARED_SELECTOR = YES;
				GCC_WARN_UNINITIALIZED_AUTOS = YES_AGGRESSIVE;
				GCC_WARN_UNUSED_FUNCTION = YES;
				GCC_WARN_UNUSED_VARIABLE = YES;
				IPHONEOS_DEPLOYMENT_TARGET = 16.1;
				MTL_ENABLE_DEBUG_INFO = NO;
				MTL_FAST_MATH = YES;
				SDKROOT = iphoneos;
				SWIFT_COMPILATION_MODE = wholemodule;
				SWIFT_OPTIMIZATION_LEVEL = "-O";
				VALIDATE_PRODUCT = YES;
			};
			name = Release;
		};
		52B6BCD42A9492C200022A20 /* Debug */ = {
			isa = XCBuildConfiguration;
			buildSettings = {
				ASSETCATALOG_COMPILER_APPICON_NAME = AppIcon;
				ASSETCATALOG_COMPILER_GLOBAL_ACCENT_COLOR_NAME = AccentColor;
				CODE_SIGN_STYLE = Automatic;
				CURRENT_PROJECT_VERSION = 1;
				DEVELOPMENT_TEAM = 7PQ6FMV22H;
				GENERATE_INFOPLIST_FILE = YES;
				INFOPLIST_FILE = "Clone-29cm/Global/Support/Info.plist";
				INFOPLIST_KEY_UIApplicationSupportsIndirectInputEvents = YES;
				INFOPLIST_KEY_UILaunchStoryboardName = LaunchScreen;
				INFOPLIST_KEY_UISupportedInterfaceOrientations_iPad = "UIInterfaceOrientationPortrait UIInterfaceOrientationPortraitUpsideDown UIInterfaceOrientationLandscapeLeft UIInterfaceOrientationLandscapeRight";
				INFOPLIST_KEY_UISupportedInterfaceOrientations_iPhone = "UIInterfaceOrientationPortrait UIInterfaceOrientationLandscapeLeft UIInterfaceOrientationLandscapeRight";
				LD_RUNPATH_SEARCH_PATHS = (
					"$(inherited)",
					"@executable_path/Frameworks",
				);
				MARKETING_VERSION = 1.0;
				PRODUCT_BUNDLE_IDENTIFIER = "guel.Clone-29cm";
				PRODUCT_NAME = "$(TARGET_NAME)";
				SWIFT_EMIT_LOC_STRINGS = YES;
				SWIFT_VERSION = 5.0;
				TARGETED_DEVICE_FAMILY = "1,2";
			};
			name = Debug;
		};
		52B6BCD52A9492C200022A20 /* Release */ = {
			isa = XCBuildConfiguration;
			buildSettings = {
				ASSETCATALOG_COMPILER_APPICON_NAME = AppIcon;
				ASSETCATALOG_COMPILER_GLOBAL_ACCENT_COLOR_NAME = AccentColor;
				CODE_SIGN_STYLE = Automatic;
				CURRENT_PROJECT_VERSION = 1;
				DEVELOPMENT_TEAM = 7PQ6FMV22H;
				GENERATE_INFOPLIST_FILE = YES;
				INFOPLIST_FILE = "Clone-29cm/Global/Support/Info.plist";
				INFOPLIST_KEY_UIApplicationSupportsIndirectInputEvents = YES;
				INFOPLIST_KEY_UILaunchStoryboardName = LaunchScreen;
				INFOPLIST_KEY_UISupportedInterfaceOrientations_iPad = "UIInterfaceOrientationPortrait UIInterfaceOrientationPortraitUpsideDown UIInterfaceOrientationLandscapeLeft UIInterfaceOrientationLandscapeRight";
				INFOPLIST_KEY_UISupportedInterfaceOrientations_iPhone = "UIInterfaceOrientationPortrait UIInterfaceOrientationLandscapeLeft UIInterfaceOrientationLandscapeRight";
				LD_RUNPATH_SEARCH_PATHS = (
					"$(inherited)",
					"@executable_path/Frameworks",
				);
				MARKETING_VERSION = 1.0;
				PRODUCT_BUNDLE_IDENTIFIER = "guel.Clone-29cm";
				PRODUCT_NAME = "$(TARGET_NAME)";
				SWIFT_EMIT_LOC_STRINGS = YES;
				SWIFT_VERSION = 5.0;
				TARGETED_DEVICE_FAMILY = "1,2";
			};
			name = Release;
		};
		52B6BCD72A9492C200022A20 /* Debug */ = {
			isa = XCBuildConfiguration;
			buildSettings = {
				ALWAYS_EMBED_SWIFT_STANDARD_LIBRARIES = YES;
				BUNDLE_LOADER = "$(TEST_HOST)";
				CODE_SIGN_STYLE = Automatic;
				CURRENT_PROJECT_VERSION = 1;
				DEVELOPMENT_TEAM = 7PQ6FMV22H;
				GENERATE_INFOPLIST_FILE = YES;
				IPHONEOS_DEPLOYMENT_TARGET = 16.1;
				MARKETING_VERSION = 1.0;
				PRODUCT_BUNDLE_IDENTIFIER = "guel.Clone-29cmTests";
				PRODUCT_NAME = "$(TARGET_NAME)";
				SWIFT_EMIT_LOC_STRINGS = NO;
				SWIFT_VERSION = 5.0;
				TARGETED_DEVICE_FAMILY = "1,2";
				TEST_HOST = "$(BUILT_PRODUCTS_DIR)/Clone-29cm.app/$(BUNDLE_EXECUTABLE_FOLDER_PATH)/Clone-29cm";
			};
			name = Debug;
		};
		52B6BCD82A9492C200022A20 /* Release */ = {
			isa = XCBuildConfiguration;
			buildSettings = {
				ALWAYS_EMBED_SWIFT_STANDARD_LIBRARIES = YES;
				BUNDLE_LOADER = "$(TEST_HOST)";
				CODE_SIGN_STYLE = Automatic;
				CURRENT_PROJECT_VERSION = 1;
				DEVELOPMENT_TEAM = 7PQ6FMV22H;
				GENERATE_INFOPLIST_FILE = YES;
				IPHONEOS_DEPLOYMENT_TARGET = 16.1;
				MARKETING_VERSION = 1.0;
				PRODUCT_BUNDLE_IDENTIFIER = "guel.Clone-29cmTests";
				PRODUCT_NAME = "$(TARGET_NAME)";
				SWIFT_EMIT_LOC_STRINGS = NO;
				SWIFT_VERSION = 5.0;
				TARGETED_DEVICE_FAMILY = "1,2";
				TEST_HOST = "$(BUILT_PRODUCTS_DIR)/Clone-29cm.app/$(BUNDLE_EXECUTABLE_FOLDER_PATH)/Clone-29cm";
			};
			name = Release;
		};
		52B6BCDA2A9492C200022A20 /* Debug */ = {
			isa = XCBuildConfiguration;
			buildSettings = {
				ALWAYS_EMBED_SWIFT_STANDARD_LIBRARIES = YES;
				CODE_SIGN_STYLE = Automatic;
				CURRENT_PROJECT_VERSION = 1;
				DEVELOPMENT_TEAM = 7PQ6FMV22H;
				GENERATE_INFOPLIST_FILE = YES;
				MARKETING_VERSION = 1.0;
				PRODUCT_BUNDLE_IDENTIFIER = "guel.Clone-29cmUITests";
				PRODUCT_NAME = "$(TARGET_NAME)";
				SWIFT_EMIT_LOC_STRINGS = NO;
				SWIFT_VERSION = 5.0;
				TARGETED_DEVICE_FAMILY = "1,2";
				TEST_TARGET_NAME = "Clone-29cm";
			};
			name = Debug;
		};
		52B6BCDB2A9492C200022A20 /* Release */ = {
			isa = XCBuildConfiguration;
			buildSettings = {
				ALWAYS_EMBED_SWIFT_STANDARD_LIBRARIES = YES;
				CODE_SIGN_STYLE = Automatic;
				CURRENT_PROJECT_VERSION = 1;
				DEVELOPMENT_TEAM = 7PQ6FMV22H;
				GENERATE_INFOPLIST_FILE = YES;
				MARKETING_VERSION = 1.0;
				PRODUCT_BUNDLE_IDENTIFIER = "guel.Clone-29cmUITests";
				PRODUCT_NAME = "$(TARGET_NAME)";
				SWIFT_EMIT_LOC_STRINGS = NO;
				SWIFT_VERSION = 5.0;
				TARGETED_DEVICE_FAMILY = "1,2";
				TEST_TARGET_NAME = "Clone-29cm";
			};
			name = Release;
		};
/* End XCBuildConfiguration section */

/* Begin XCConfigurationList section */
		52B6BCA42A9492C000022A20 /* Build configuration list for PBXProject "Clone-29cm" */ = {
			isa = XCConfigurationList;
			buildConfigurations = (
				52B6BCD12A9492C200022A20 /* Debug */,
				52B6BCD22A9492C200022A20 /* Release */,
			);
			defaultConfigurationIsVisible = 0;
			defaultConfigurationName = Release;
		};
		52B6BCD32A9492C200022A20 /* Build configuration list for PBXNativeTarget "Clone-29cm" */ = {
			isa = XCConfigurationList;
			buildConfigurations = (
				52B6BCD42A9492C200022A20 /* Debug */,
				52B6BCD52A9492C200022A20 /* Release */,
			);
			defaultConfigurationIsVisible = 0;
			defaultConfigurationName = Release;
		};
		52B6BCD62A9492C200022A20 /* Build configuration list for PBXNativeTarget "Clone-29cmTests" */ = {
			isa = XCConfigurationList;
			buildConfigurations = (
				52B6BCD72A9492C200022A20 /* Debug */,
				52B6BCD82A9492C200022A20 /* Release */,
			);
			defaultConfigurationIsVisible = 0;
			defaultConfigurationName = Release;
		};
		52B6BCD92A9492C200022A20 /* Build configuration list for PBXNativeTarget "Clone-29cmUITests" */ = {
			isa = XCConfigurationList;
			buildConfigurations = (
				52B6BCDA2A9492C200022A20 /* Debug */,
				52B6BCDB2A9492C200022A20 /* Release */,
			);
			defaultConfigurationIsVisible = 0;
			defaultConfigurationName = Release;
		};
/* End XCConfigurationList section */

/* Begin XCRemoteSwiftPackageReference section */
		52B6BCE42A94988600022A20 /* XCRemoteSwiftPackageReference "SnapKit" */ = {
			isa = XCRemoteSwiftPackageReference;
			repositoryURL = "https://github.com/SnapKit/SnapKit";
			requirement = {
				kind = upToNextMajorVersion;
				minimumVersion = 5.0.0;
			};
		};
/* End XCRemoteSwiftPackageReference section */

/* Begin XCSwiftPackageProductDependency section */
		52B6BCE52A94988600022A20 /* SnapKit */ = {
			isa = XCSwiftPackageProductDependency;
			package = 52B6BCE42A94988600022A20 /* XCRemoteSwiftPackageReference "SnapKit" */;
			productName = SnapKit;
		};
/* End XCSwiftPackageProductDependency section */
	};
	rootObject = 52B6BCA12A9492C000022A20 /* Project object */;
}
